// !$*UTF8*$!
{
	archiveVersion = 1;
	classes = {
	};
	objectVersion = 46;
	objects = {

/* Begin PBXAggregateTarget section */
		3FC1778E157036B30082FFBF /* Universal Framework */ = {
			isa = PBXAggregateTarget;
			buildConfigurationList = 3FC1778F157036B30082FFBF /* Build configuration list for PBXAggregateTarget "Universal Framework" */;
			buildPhases = (
				3FC17794157036E70082FFBF /* Build all platforms */,
			);
			dependencies = (
				3FC17793157036C00082FFBF /* PBXTargetDependency */,
			);
			name = "Universal Framework";
			productName = "Universal Framework";
		};
/* End PBXAggregateTarget section */

/* Begin PBXBuildFile section */
		3F327866156EB6BF00947A5E /* LivefyreClient.h in Headers */ = {isa = PBXBuildFile; fileRef = 3FD7290E156EA47B006DD6A1 /* LivefyreClient.h */; settings = {ATTRIBUTES = (Public, ); }; };
		3F4439981573D42400B41B22 /* AuthTest.m in Sources */ = {isa = PBXBuildFile; fileRef = 3F4439971573D42400B41B22 /* AuthTest.m */; };
		3F44399B1573D4F200B41B22 /* AsyncTestBase.m in Sources */ = {isa = PBXBuildFile; fileRef = 3F44399A1573D4F200B41B22 /* AsyncTestBase.m */; };
		3F4439B6157401C900B41B22 /* CollectionTests.m in Sources */ = {isa = PBXBuildFile; fileRef = 3F4439B5157401C900B41B22 /* CollectionTests.m */; };
		3F4C54C015752A9B00854F2D /* AuthorTests.m in Sources */ = {isa = PBXBuildFile; fileRef = 3F4C54BF15752A9B00854F2D /* AuthorTests.m */; };
		3F4C54C315752BE600854F2D /* UserTests.m in Sources */ = {isa = PBXBuildFile; fileRef = 3F4C54C215752BE600854F2D /* UserTests.m */; };
		3F4C54C6157535BE00854F2D /* ARC4Tests.m in Sources */ = {isa = PBXBuildFile; fileRef = 3F4C54C5157535BE00854F2D /* ARC4Tests.m */; };
		3F4C54C91575471900854F2D /* FopenBugWorkaround.m in Sources */ = {isa = PBXBuildFile; fileRef = 3F4C54C81575471900854F2D /* FopenBugWorkaround.m */; };
		3F7963D61575AA470096E6EB /* LivefyreClientTests.m in Sources */ = {isa = PBXBuildFile; fileRef = 3F7963D51575AA470096E6EB /* LivefyreClientTests.m */; };
		3F7963E11576E7BB0096E6EB /* init-sample.json in Resources */ = {isa = PBXBuildFile; fileRef = 3F7963E01576E7BB0096E6EB /* init-sample.json */; };
		3FD7290A156EA47B006DD6A1 /* Foundation.framework in Frameworks */ = {isa = PBXBuildFile; fileRef = 3FD72909156EA47B006DD6A1 /* Foundation.framework */; };
		3FD72910156EA47B006DD6A1 /* LivefyreClient.m in Sources */ = {isa = PBXBuildFile; fileRef = 3FD7290F156EA47B006DD6A1 /* LivefyreClient.m */; };
		3FD72918156EA47B006DD6A1 /* SenTestingKit.framework in Frameworks */ = {isa = PBXBuildFile; fileRef = 3FD72917156EA47B006DD6A1 /* SenTestingKit.framework */; };
		3FD7291A156EA47B006DD6A1 /* UIKit.framework in Frameworks */ = {isa = PBXBuildFile; fileRef = 3FD72919156EA47B006DD6A1 /* UIKit.framework */; };
		3FD7291B156EA47B006DD6A1 /* Foundation.framework in Frameworks */ = {isa = PBXBuildFile; fileRef = 3FD72909156EA47B006DD6A1 /* Foundation.framework */; };
		3FD7291E156EA47B006DD6A1 /* libLivefyreClient.a in Frameworks */ = {isa = PBXBuildFile; fileRef = 3FD72906156EA47B006DD6A1 /* libLivefyreClient.a */; };
		3FD72924156EA47B006DD6A1 /* InfoPlist.strings in Resources */ = {isa = PBXBuildFile; fileRef = 3FD72922156EA47B006DD6A1 /* InfoPlist.strings */; };
		3FD7293F156EA54B006DD6A1 /* ARC4.h in Headers */ = {isa = PBXBuildFile; fileRef = 3FD72933156EA54B006DD6A1 /* ARC4.h */; };
		3FD72940156EA54B006DD6A1 /* ARC4.m in Sources */ = {isa = PBXBuildFile; fileRef = 3FD72934156EA54B006DD6A1 /* ARC4.m */; };
		3FD72941156EA54B006DD6A1 /* Author.h in Headers */ = {isa = PBXBuildFile; fileRef = 3FD72935156EA54B006DD6A1 /* Author.h */; settings = {ATTRIBUTES = (Public, ); }; };
		3FD72942156EA54B006DD6A1 /* Author.m in Sources */ = {isa = PBXBuildFile; fileRef = 3FD72936156EA54B006DD6A1 /* Author.m */; };
		3FD72943156EA54B006DD6A1 /* Collection.h in Headers */ = {isa = PBXBuildFile; fileRef = 3FD72937156EA54B006DD6A1 /* Collection.h */; settings = {ATTRIBUTES = (Public, ); }; };
		3FD72944156EA54B006DD6A1 /* Collection.m in Sources */ = {isa = PBXBuildFile; fileRef = 3FD72938156EA54B006DD6A1 /* Collection.m */; };
		3FD72945156EA54B006DD6A1 /* Entry.h in Headers */ = {isa = PBXBuildFile; fileRef = 3FD72939156EA54B006DD6A1 /* Entry.h */; settings = {ATTRIBUTES = (Public, ); }; };
		3FD72946156EA54B006DD6A1 /* Entry.m in Sources */ = {isa = PBXBuildFile; fileRef = 3FD7293A156EA54B006DD6A1 /* Entry.m */; };
		3FD72947156EA54B006DD6A1 /* HttpRequest.h in Headers */ = {isa = PBXBuildFile; fileRef = 3FD7293B156EA54B006DD6A1 /* HttpRequest.h */; };
		3FD72948156EA54B006DD6A1 /* HttpRequest.m in Sources */ = {isa = PBXBuildFile; fileRef = 3FD7293C156EA54B006DD6A1 /* HttpRequest.m */; };
		3FD72949156EA54B006DD6A1 /* User.h in Headers */ = {isa = PBXBuildFile; fileRef = 3FD7293D156EA54B006DD6A1 /* User.h */; settings = {ATTRIBUTES = (Public, ); }; };
		3FD7294A156EA54B006DD6A1 /* User.m in Sources */ = {isa = PBXBuildFile; fileRef = 3FD7293E156EA54B006DD6A1 /* User.m */; };
		3FDFEFDA15754BB2009CBB7E /* EntryTests.m in Sources */ = {isa = PBXBuildFile; fileRef = 3FDFEFD915754BB2009CBB7E /* EntryTests.m */; };
		3FF2151F1572FD36009B5C95 /* TestConfig.plist in Resources */ = {isa = PBXBuildFile; fileRef = 3FF2151E1572FD36009B5C95 /* TestConfig.plist */; };
		3FF2152A1572FDBF009B5C95 /* Config.m in Sources */ = {isa = PBXBuildFile; fileRef = 3FF215291572FDBF009B5C95 /* Config.m */; };
		DCA97B3D99BC4C0A9A32018B /* libPods.a in Frameworks */ = {isa = PBXBuildFile; fileRef = E44B9A040ABF4BA7B99D158A /* libPods.a */; };
/* End PBXBuildFile section */

/* Begin PBXContainerItemProxy section */
		3F37145B157040670069FCFB /* PBXContainerItemProxy */ = {
			isa = PBXContainerItemProxy;
			containerPortal = 3F371454157040670069FCFB /* Pods.xcodeproj */;
			proxyType = 2;
			remoteGlobalIDString = DA290D75316347C3861B6409;
			remoteInfo = Pods;
		};
		3FC17792157036C00082FFBF /* PBXContainerItemProxy */ = {
			isa = PBXContainerItemProxy;
			containerPortal = 3FD728FD156EA47B006DD6A1 /* Project object */;
			proxyType = 1;
			remoteGlobalIDString = 3FD72905156EA47B006DD6A1;
			remoteInfo = LivefyreClient;
		};
		3FD7291C156EA47B006DD6A1 /* PBXContainerItemProxy */ = {
			isa = PBXContainerItemProxy;
			containerPortal = 3FD728FD156EA47B006DD6A1 /* Project object */;
			proxyType = 1;
			remoteGlobalIDString = 3FD72905156EA47B006DD6A1;
			remoteInfo = LivefyreClient;
		};
		3FF63427157040E600C7D952 /* PBXContainerItemProxy */ = {
			isa = PBXContainerItemProxy;
			containerPortal = 3F371454157040670069FCFB /* Pods.xcodeproj */;
			proxyType = 1;
			remoteGlobalIDString = 192CA60A8ED842E386B998EF;
			remoteInfo = Pods;
		};
/* End PBXContainerItemProxy section */

/* Begin PBXFileReference section */
		3F371454157040670069FCFB /* Pods.xcodeproj */ = {isa = PBXFileReference; lastKnownFileType = "wrapper.pb-project"; name = Pods.xcodeproj; path = Pods/Pods.xcodeproj; sourceTree = "<group>"; };
		3F4439961573D42400B41B22 /* AuthTest.h */ = {isa = PBXFileReference; fileEncoding = 4; lastKnownFileType = sourcecode.c.h; path = AuthTest.h; sourceTree = "<group>"; };
		3F4439971573D42400B41B22 /* AuthTest.m */ = {isa = PBXFileReference; fileEncoding = 4; lastKnownFileType = sourcecode.c.objc; path = AuthTest.m; sourceTree = "<group>"; };
		3F4439991573D4F200B41B22 /* AsyncTestBase.h */ = {isa = PBXFileReference; fileEncoding = 4; lastKnownFileType = sourcecode.c.h; path = AsyncTestBase.h; sourceTree = "<group>"; };
		3F44399A1573D4F200B41B22 /* AsyncTestBase.m */ = {isa = PBXFileReference; fileEncoding = 4; lastKnownFileType = sourcecode.c.objc; path = AsyncTestBase.m; sourceTree = "<group>"; };
		3F4439B4157401C900B41B22 /* CollectionTests.h */ = {isa = PBXFileReference; fileEncoding = 4; lastKnownFileType = sourcecode.c.h; path = CollectionTests.h; sourceTree = "<group>"; };
		3F4439B5157401C900B41B22 /* CollectionTests.m */ = {isa = PBXFileReference; fileEncoding = 4; lastKnownFileType = sourcecode.c.objc; path = CollectionTests.m; sourceTree = "<group>"; };
		3F4C54BE15752A9B00854F2D /* AuthorTests.h */ = {isa = PBXFileReference; fileEncoding = 4; lastKnownFileType = sourcecode.c.h; path = AuthorTests.h; sourceTree = "<group>"; };
		3F4C54BF15752A9B00854F2D /* AuthorTests.m */ = {isa = PBXFileReference; fileEncoding = 4; lastKnownFileType = sourcecode.c.objc; path = AuthorTests.m; sourceTree = "<group>"; };
		3F4C54C115752BE600854F2D /* UserTests.h */ = {isa = PBXFileReference; fileEncoding = 4; lastKnownFileType = sourcecode.c.h; path = UserTests.h; sourceTree = "<group>"; };
		3F4C54C215752BE600854F2D /* UserTests.m */ = {isa = PBXFileReference; fileEncoding = 4; lastKnownFileType = sourcecode.c.objc; path = UserTests.m; sourceTree = "<group>"; };
		3F4C54C4157535BE00854F2D /* ARC4Tests.h */ = {isa = PBXFileReference; fileEncoding = 4; lastKnownFileType = sourcecode.c.h; path = ARC4Tests.h; sourceTree = "<group>"; };
		3F4C54C5157535BE00854F2D /* ARC4Tests.m */ = {isa = PBXFileReference; fileEncoding = 4; lastKnownFileType = sourcecode.c.objc; path = ARC4Tests.m; sourceTree = "<group>"; };
		3F4C54C81575471900854F2D /* FopenBugWorkaround.m */ = {isa = PBXFileReference; fileEncoding = 4; lastKnownFileType = sourcecode.c.objc; path = FopenBugWorkaround.m; sourceTree = "<group>"; };
		3F7963D41575AA470096E6EB /* LivefyreClientTests.h */ = {isa = PBXFileReference; fileEncoding = 4; lastKnownFileType = sourcecode.c.h; path = LivefyreClientTests.h; sourceTree = "<group>"; };
		3F7963D51575AA470096E6EB /* LivefyreClientTests.m */ = {isa = PBXFileReference; fileEncoding = 4; lastKnownFileType = sourcecode.c.objc; path = LivefyreClientTests.m; sourceTree = "<group>"; };
		3F7963E01576E7BB0096E6EB /* init-sample.json */ = {isa = PBXFileReference; fileEncoding = 4; lastKnownFileType = text.json; path = "init-sample.json"; sourceTree = "<group>"; };
		3FB0370F6D78411889D31B65 /* Pods.xcconfig */ = {isa = PBXFileReference; lastKnownFileType = text.xcconfig; name = Pods.xcconfig; path = Pods/Pods.xcconfig; sourceTree = SOURCE_ROOT; };
		3FD2DE78157D7D66008F7E25 /* AppledocSettings.plist */ = {isa = PBXFileReference; fileEncoding = 4; lastKnownFileType = text.plist.xml; path = AppledocSettings.plist; sourceTree = "<group>"; };
		3FD72906156EA47B006DD6A1 /* libLivefyreClient.a */ = {isa = PBXFileReference; explicitFileType = archive.ar; includeInIndex = 0; path = libLivefyreClient.a; sourceTree = BUILT_PRODUCTS_DIR; };
		3FD72909156EA47B006DD6A1 /* Foundation.framework */ = {isa = PBXFileReference; lastKnownFileType = wrapper.framework; name = Foundation.framework; path = System/Library/Frameworks/Foundation.framework; sourceTree = SDKROOT; };
		3FD7290D156EA47B006DD6A1 /* LivefyreClient-Prefix.pch */ = {isa = PBXFileReference; lastKnownFileType = sourcecode.c.h; path = "LivefyreClient-Prefix.pch"; sourceTree = "<group>"; };
		3FD7290E156EA47B006DD6A1 /* LivefyreClient.h */ = {isa = PBXFileReference; lastKnownFileType = sourcecode.c.h; path = LivefyreClient.h; sourceTree = "<group>"; };
		3FD7290F156EA47B006DD6A1 /* LivefyreClient.m */ = {isa = PBXFileReference; lastKnownFileType = sourcecode.c.objc; path = LivefyreClient.m; sourceTree = "<group>"; };
		3FD72916156EA47B006DD6A1 /* LivefyreClientTests.octest */ = {isa = PBXFileReference; explicitFileType = wrapper.cfbundle; includeInIndex = 0; path = LivefyreClientTests.octest; sourceTree = BUILT_PRODUCTS_DIR; };
		3FD72917156EA47B006DD6A1 /* SenTestingKit.framework */ = {isa = PBXFileReference; lastKnownFileType = wrapper.framework; name = SenTestingKit.framework; path = Library/Frameworks/SenTestingKit.framework; sourceTree = DEVELOPER_DIR; };
		3FD72919156EA47B006DD6A1 /* UIKit.framework */ = {isa = PBXFileReference; lastKnownFileType = wrapper.framework; name = UIKit.framework; path = Library/Frameworks/UIKit.framework; sourceTree = DEVELOPER_DIR; };
		3FD72921156EA47B006DD6A1 /* LivefyreClientTests-Info.plist */ = {isa = PBXFileReference; lastKnownFileType = text.plist.xml; path = "LivefyreClientTests-Info.plist"; sourceTree = "<group>"; };
		3FD72923156EA47B006DD6A1 /* en */ = {isa = PBXFileReference; lastKnownFileType = text.plist.strings; name = en; path = en.lproj/InfoPlist.strings; sourceTree = "<group>"; };
		3FD72933156EA54B006DD6A1 /* ARC4.h */ = {isa = PBXFileReference; fileEncoding = 4; lastKnownFileType = sourcecode.c.h; path = ARC4.h; sourceTree = "<group>"; };
		3FD72934156EA54B006DD6A1 /* ARC4.m */ = {isa = PBXFileReference; fileEncoding = 4; lastKnownFileType = sourcecode.c.objc; path = ARC4.m; sourceTree = "<group>"; };
		3FD72935156EA54B006DD6A1 /* Author.h */ = {isa = PBXFileReference; fileEncoding = 4; lastKnownFileType = sourcecode.c.h; path = Author.h; sourceTree = "<group>"; };
		3FD72936156EA54B006DD6A1 /* Author.m */ = {isa = PBXFileReference; fileEncoding = 4; lastKnownFileType = sourcecode.c.objc; path = Author.m; sourceTree = "<group>"; };
		3FD72937156EA54B006DD6A1 /* Collection.h */ = {isa = PBXFileReference; fileEncoding = 4; lastKnownFileType = sourcecode.c.h; path = Collection.h; sourceTree = "<group>"; };
		3FD72938156EA54B006DD6A1 /* Collection.m */ = {isa = PBXFileReference; fileEncoding = 4; lastKnownFileType = sourcecode.c.objc; path = Collection.m; sourceTree = "<group>"; };
		3FD72939156EA54B006DD6A1 /* Entry.h */ = {isa = PBXFileReference; fileEncoding = 4; lastKnownFileType = sourcecode.c.h; path = Entry.h; sourceTree = "<group>"; };
		3FD7293A156EA54B006DD6A1 /* Entry.m */ = {isa = PBXFileReference; fileEncoding = 4; lastKnownFileType = sourcecode.c.objc; path = Entry.m; sourceTree = "<group>"; };
		3FD7293B156EA54B006DD6A1 /* HttpRequest.h */ = {isa = PBXFileReference; fileEncoding = 4; lastKnownFileType = sourcecode.c.h; path = HttpRequest.h; sourceTree = "<group>"; };
		3FD7293C156EA54B006DD6A1 /* HttpRequest.m */ = {isa = PBXFileReference; fileEncoding = 4; lastKnownFileType = sourcecode.c.objc; path = HttpRequest.m; sourceTree = "<group>"; };
		3FD7293D156EA54B006DD6A1 /* User.h */ = {isa = PBXFileReference; fileEncoding = 4; lastKnownFileType = sourcecode.c.h; path = User.h; sourceTree = "<group>"; };
		3FD7293E156EA54B006DD6A1 /* User.m */ = {isa = PBXFileReference; fileEncoding = 4; lastKnownFileType = sourcecode.c.objc; path = User.m; sourceTree = "<group>"; };
		3FDFEFD815754BB2009CBB7E /* EntryTests.h */ = {isa = PBXFileReference; fileEncoding = 4; lastKnownFileType = sourcecode.c.h; path = EntryTests.h; sourceTree = "<group>"; };
		3FDFEFD915754BB2009CBB7E /* EntryTests.m */ = {isa = PBXFileReference; fileEncoding = 4; lastKnownFileType = sourcecode.c.objc; path = EntryTests.m; sourceTree = "<group>"; };
		3FF2151E1572FD36009B5C95 /* TestConfig.plist */ = {isa = PBXFileReference; fileEncoding = 4; lastKnownFileType = text.plist.xml; path = TestConfig.plist; sourceTree = "<group>"; };
		3FF215281572FDBF009B5C95 /* Config.h */ = {isa = PBXFileReference; fileEncoding = 4; lastKnownFileType = sourcecode.c.h; path = Config.h; sourceTree = "<group>"; };
		3FF215291572FDBF009B5C95 /* Config.m */ = {isa = PBXFileReference; fileEncoding = 4; lastKnownFileType = sourcecode.c.objc; path = Config.m; sourceTree = "<group>"; };
		E44B9A040ABF4BA7B99D158A /* libPods.a */ = {isa = PBXFileReference; explicitFileType = archive.ar; includeInIndex = 0; path = libPods.a; sourceTree = BUILT_PRODUCTS_DIR; };
/* End PBXFileReference section */

/* Begin PBXFrameworksBuildPhase section */
		3FD72903156EA47B006DD6A1 /* Frameworks */ = {
			isa = PBXFrameworksBuildPhase;
			buildActionMask = 2147483647;
			files = (
				3FD7290A156EA47B006DD6A1 /* Foundation.framework in Frameworks */,
				DCA97B3D99BC4C0A9A32018B /* libPods.a in Frameworks */,
			);
			runOnlyForDeploymentPostprocessing = 0;
		};
		3FD72912156EA47B006DD6A1 /* Frameworks */ = {
			isa = PBXFrameworksBuildPhase;
			buildActionMask = 2147483647;
			files = (
				3FD72918156EA47B006DD6A1 /* SenTestingKit.framework in Frameworks */,
				3FD7291A156EA47B006DD6A1 /* UIKit.framework in Frameworks */,
				3FD7291B156EA47B006DD6A1 /* Foundation.framework in Frameworks */,
				3FD7291E156EA47B006DD6A1 /* libLivefyreClient.a in Frameworks */,
			);
			runOnlyForDeploymentPostprocessing = 0;
		};
/* End PBXFrameworksBuildPhase section */

/* Begin PBXGroup section */
		3F371455157040670069FCFB /* Products */ = {
			isa = PBXGroup;
			children = (
				3F37145C157040670069FCFB /* libPods.a */,
			);
			name = Products;
			sourceTree = "<group>";
		};
		3FD728FB156EA47B006DD6A1 = {
			isa = PBXGroup;
			children = (
				3F371454157040670069FCFB /* Pods.xcodeproj */,
				3FD7290B156EA47B006DD6A1 /* LivefyreClient */,
				3FD7291F156EA47B006DD6A1 /* LivefyreClientTests */,
				3FD72908156EA47B006DD6A1 /* Frameworks */,
				3FD72907156EA47B006DD6A1 /* Products */,
				3FB0370F6D78411889D31B65 /* Pods.xcconfig */,
				3FD2DE78157D7D66008F7E25 /* AppledocSettings.plist */,
			);
			sourceTree = "<group>";
		};
		3FD72907156EA47B006DD6A1 /* Products */ = {
			isa = PBXGroup;
			children = (
				3FD72906156EA47B006DD6A1 /* libLivefyreClient.a */,
				3FD72916156EA47B006DD6A1 /* LivefyreClientTests.octest */,
			);
			name = Products;
			sourceTree = "<group>";
		};
		3FD72908156EA47B006DD6A1 /* Frameworks */ = {
			isa = PBXGroup;
			children = (
				3FD72909156EA47B006DD6A1 /* Foundation.framework */,
				3FD72917156EA47B006DD6A1 /* SenTestingKit.framework */,
				3FD72919156EA47B006DD6A1 /* UIKit.framework */,
				E44B9A040ABF4BA7B99D158A /* libPods.a */,
			);
			name = Frameworks;
			sourceTree = "<group>";
		};
		3FD7290B156EA47B006DD6A1 /* LivefyreClient */ = {
			isa = PBXGroup;
			children = (
				3FD72933156EA54B006DD6A1 /* ARC4.h */,
				3FD72934156EA54B006DD6A1 /* ARC4.m */,
				3FD72935156EA54B006DD6A1 /* Author.h */,
				3FD72936156EA54B006DD6A1 /* Author.m */,
				3FD72937156EA54B006DD6A1 /* Collection.h */,
				3FD72938156EA54B006DD6A1 /* Collection.m */,
				3FD72939156EA54B006DD6A1 /* Entry.h */,
				3FD7293A156EA54B006DD6A1 /* Entry.m */,
				3FD7293B156EA54B006DD6A1 /* HttpRequest.h */,
				3FD7293C156EA54B006DD6A1 /* HttpRequest.m */,
				3FD7293D156EA54B006DD6A1 /* User.h */,
				3FD7293E156EA54B006DD6A1 /* User.m */,
				3FD7290E156EA47B006DD6A1 /* LivefyreClient.h */,
				3FD7290F156EA47B006DD6A1 /* LivefyreClient.m */,
				3FD7290C156EA47B006DD6A1 /* Supporting Files */,
			);
			path = LivefyreClient;
			sourceTree = "<group>";
		};
		3FD7290C156EA47B006DD6A1 /* Supporting Files */ = {
			isa = PBXGroup;
			children = (
				3FD7290D156EA47B006DD6A1 /* LivefyreClient-Prefix.pch */,
			);
			name = "Supporting Files";
			sourceTree = "<group>";
		};
		3FD7291F156EA47B006DD6A1 /* LivefyreClientTests */ = {
			isa = PBXGroup;
			children = (
				3FF215271572FDA5009B5C95 /* Helpers */,
				3FD72920156EA47B006DD6A1 /* Supporting Files */,
				3F4C54C4157535BE00854F2D /* ARC4Tests.h */,
				3F4C54C5157535BE00854F2D /* ARC4Tests.m */,
				3F4C54BE15752A9B00854F2D /* AuthorTests.h */,
				3F4C54BF15752A9B00854F2D /* AuthorTests.m */,
				3F4439961573D42400B41B22 /* AuthTest.h */,
				3F4439971573D42400B41B22 /* AuthTest.m */,
				3F4439B4157401C900B41B22 /* CollectionTests.h */,
				3F4439B5157401C900B41B22 /* CollectionTests.m */,
				3FDFEFD815754BB2009CBB7E /* EntryTests.h */,
				3FDFEFD915754BB2009CBB7E /* EntryTests.m */,
				3F7963D41575AA470096E6EB /* LivefyreClientTests.h */,
				3F7963D51575AA470096E6EB /* LivefyreClientTests.m */,
				3F4C54C115752BE600854F2D /* UserTests.h */,
				3F4C54C215752BE600854F2D /* UserTests.m */,
			);
			path = LivefyreClientTests;
			sourceTree = "<group>";
		};
		3FD72920156EA47B006DD6A1 /* Supporting Files */ = {
			isa = PBXGroup;
			children = (
				3FD72921156EA47B006DD6A1 /* LivefyreClientTests-Info.plist */,
				3FD72922156EA47B006DD6A1 /* InfoPlist.strings */,
			);
			name = "Supporting Files";
			sourceTree = "<group>";
		};
		3FF215271572FDA5009B5C95 /* Helpers */ = {
			isa = PBXGroup;
			children = (
				3F4439991573D4F200B41B22 /* AsyncTestBase.h */,
				3F44399A1573D4F200B41B22 /* AsyncTestBase.m */,
				3FF215281572FDBF009B5C95 /* Config.h */,
				3FF215291572FDBF009B5C95 /* Config.m */,
				3F4C54C81575471900854F2D /* FopenBugWorkaround.m */,
				3FF2151E1572FD36009B5C95 /* TestConfig.plist */,
				3F7963E01576E7BB0096E6EB /* init-sample.json */,
			);
			name = Helpers;
			sourceTree = "<group>";
		};
/* End PBXGroup section */

/* Begin PBXHeadersBuildPhase section */
		3FD72904156EA47B006DD6A1 /* Headers */ = {
			isa = PBXHeadersBuildPhase;
			buildActionMask = 2147483647;
			files = (
				3FD72941156EA54B006DD6A1 /* Author.h in Headers */,
				3FD72943156EA54B006DD6A1 /* Collection.h in Headers */,
				3F327866156EB6BF00947A5E /* LivefyreClient.h in Headers */,
				3FD72945156EA54B006DD6A1 /* Entry.h in Headers */,
				3FD72949156EA54B006DD6A1 /* User.h in Headers */,
				3FD7293F156EA54B006DD6A1 /* ARC4.h in Headers */,
				3FD72947156EA54B006DD6A1 /* HttpRequest.h in Headers */,
			);
			runOnlyForDeploymentPostprocessing = 0;
		};
/* End PBXHeadersBuildPhase section */

/* Begin PBXNativeTarget section */
		3FD72905156EA47B006DD6A1 /* LivefyreClient */ = {
			isa = PBXNativeTarget;
			buildConfigurationList = 3FD7292A156EA47B006DD6A1 /* Build configuration list for PBXNativeTarget "LivefyreClient" */;
			buildPhases = (
				3FD72902156EA47B006DD6A1 /* Sources */,
				3FD72903156EA47B006DD6A1 /* Frameworks */,
				3FD72904156EA47B006DD6A1 /* Headers */,
				ABF0BCD791734FCDAD52DDD1 /* Copy Pods Resources */,
				3FC1778D157034B10082FFBF /* Prepare Framework */,
			);
			buildRules = (
			);
			dependencies = (
				3FF63428157040E600C7D952 /* PBXTargetDependency */,
			);
			name = LivefyreClient;
			productName = LivefyreClient;
			productReference = 3FD72906156EA47B006DD6A1 /* libLivefyreClient.a */;
			productType = "com.apple.product-type.library.static";
		};
		3FD72915156EA47B006DD6A1 /* LivefyreClientTests */ = {
			isa = PBXNativeTarget;
			buildConfigurationList = 3FD7292D156EA47B006DD6A1 /* Build configuration list for PBXNativeTarget "LivefyreClientTests" */;
			buildPhases = (
				3FD72911156EA47B006DD6A1 /* Sources */,
				3FD72912156EA47B006DD6A1 /* Frameworks */,
				3FD72913156EA47B006DD6A1 /* Resources */,
				3FD72914156EA47B006DD6A1 /* ShellScript */,
				ABF0BCD791734FCDAD52DDD1 /* Copy Pods Resources */,
			);
			buildRules = (
			);
			dependencies = (
				3FD7291D156EA47B006DD6A1 /* PBXTargetDependency */,
			);
			name = LivefyreClientTests;
			productName = LivefyreClientTests;
			productReference = 3FD72916156EA47B006DD6A1 /* LivefyreClientTests.octest */;
			productType = "com.apple.product-type.bundle";
		};
/* End PBXNativeTarget section */

/* Begin PBXProject section */
		3FD728FD156EA47B006DD6A1 /* Project object */ = {
			isa = PBXProject;
			attributes = {
				LastUpgradeCheck = 0430;
			};
			buildConfigurationList = 3FD72900156EA47B006DD6A1 /* Build configuration list for PBXProject "LivefyreClient" */;
			compatibilityVersion = "Xcode 3.2";
			developmentRegion = English;
			hasScannedForEncodings = 0;
			knownRegions = (
				en,
			);
			mainGroup = 3FD728FB156EA47B006DD6A1;
			productRefGroup = 3FD72907156EA47B006DD6A1 /* Products */;
			projectDirPath = "";
			projectReferences = (
				{
					ProductGroup = 3F371455157040670069FCFB /* Products */;
					ProjectRef = 3F371454157040670069FCFB /* Pods.xcodeproj */;
				},
			);
			projectRoot = "";
			targets = (
				3FD72905156EA47B006DD6A1 /* LivefyreClient */,
				3FD72915156EA47B006DD6A1 /* LivefyreClientTests */,
				3FC1778E157036B30082FFBF /* Universal Framework */,
			);
		};
/* End PBXProject section */

/* Begin PBXReferenceProxy section */
		3F37145C157040670069FCFB /* libPods.a */ = {
			isa = PBXReferenceProxy;
			fileType = archive.ar;
			path = libPods.a;
			remoteRef = 3F37145B157040670069FCFB /* PBXContainerItemProxy */;
			sourceTree = BUILT_PRODUCTS_DIR;
		};
/* End PBXReferenceProxy section */

/* Begin PBXResourcesBuildPhase section */
		3FD72913156EA47B006DD6A1 /* Resources */ = {
			isa = PBXResourcesBuildPhase;
			buildActionMask = 2147483647;
			files = (
				3FD72924156EA47B006DD6A1 /* InfoPlist.strings in Resources */,
				3FF2151F1572FD36009B5C95 /* TestConfig.plist in Resources */,
				3F7963E11576E7BB0096E6EB /* init-sample.json in Resources */,
			);
			runOnlyForDeploymentPostprocessing = 0;
		};
/* End PBXResourcesBuildPhase section */

/* Begin PBXShellScriptBuildPhase section */
		3FC1778D157034B10082FFBF /* Prepare Framework */ = {
			isa = PBXShellScriptBuildPhase;
			buildActionMask = 2147483647;
			files = (
			);
			inputPaths = (
			);
			name = "Prepare Framework";
			outputPaths = (
			);
			runOnlyForDeploymentPostprocessing = 0;
			shellPath = /bin/sh;
			shellScript = "set -e\n\nmkdir -p \"${BUILT_PRODUCTS_DIR}/${PRODUCT_NAME}.framework/Versions/A/Headers\"\n\n# Link the \"Current\" version to \"A\"\n/bin/ln -sfh A \"${BUILT_PRODUCTS_DIR}/${PRODUCT_NAME}.framework/Versions/Current\"\n/bin/ln -sfh Versions/Current/Headers \"${BUILT_PRODUCTS_DIR}/${PRODUCT_NAME}.framework/Headers\"\n/bin/ln -sfh \"Versions/Current/${PRODUCT_NAME}\" \"${BUILT_PRODUCTS_DIR}/${PRODUCT_NAME}.framework/${PRODUCT_NAME}\"\n\n# The -a ensures that the headers maintain the source modification date so that we don't constantly\n# cause propagating rebuilds of files that import these headers.\n/bin/cp -a \"${TARGET_BUILD_DIR}/${PUBLIC_HEADERS_FOLDER_PATH}/\" \"${BUILT_PRODUCTS_DIR}/${PRODUCT_NAME}.framework/Versions/A/Headers\"\n";
		};
		3FC17794157036E70082FFBF /* Build all platforms */ = {
			isa = PBXShellScriptBuildPhase;
			buildActionMask = 2147483647;
			files = (
			);
			inputPaths = (
			);
			name = "Build all platforms";
			outputPaths = (
			);
			runOnlyForDeploymentPostprocessing = 0;
			shellPath = /bin/sh;
			shellScript = "set -e\nset +u\n# Avoid recursively calling this script.\nif [[ $SF_MASTER_SCRIPT_RUNNING ]]\nthen\nexit 0\nfi\nset -u\nexport SF_MASTER_SCRIPT_RUNNING=1\n\nSF_TARGET_NAME=${PROJECT_NAME}\nSF_EXECUTABLE_PATH=\"lib${SF_TARGET_NAME}.a\"\nSF_WRAPPER_NAME=\"${SF_TARGET_NAME}.framework\"\n\n# The following conditionals come from\n# https://github.com/kstenerud/iOS-Universal-Framework\n\nif [[ \"$SDK_NAME\" =~ ([A-Za-z]+) ]]\nthen\nSF_SDK_PLATFORM=${BASH_REMATCH[1]}\nelse\necho \"Could not find platform name from SDK_NAME: $SDK_NAME\"\nexit 1\nfi\n\nif [[ \"$SDK_NAME\" =~ ([0-9]+.*$) ]]\nthen\nSF_SDK_VERSION=${BASH_REMATCH[1]}\nelse\necho \"Could not find sdk version from SDK_NAME: $SDK_NAME\"\nexit 1\nfi\n\nif [[ \"$SF_SDK_PLATFORM\" = \"iphoneos\" ]]\nthen\nSF_OTHER_PLATFORM=iphonesimulator\nelse\nSF_OTHER_PLATFORM=iphoneos\nfi\n\nif [[ \"$BUILT_PRODUCTS_DIR\" =~ (.*)$SF_SDK_PLATFORM$ ]]\nthen\nSF_OTHER_BUILT_PRODUCTS_DIR=\"${BASH_REMATCH[1]}${SF_OTHER_PLATFORM}\"\nelse\necho \"Could not find platform name from build products directory: $BUILT_PRODUCTS_DIR\"\nexit 1\nfi\n\n# Build the other platform.\nxcodebuild -project \"${PROJECT_FILE_PATH}\" -target \"${TARGET_NAME}\" -configuration \"${CONFIGURATION}\" -sdk ${SF_OTHER_PLATFORM}${SF_SDK_VERSION} BUILD_DIR=\"${BUILD_DIR}\" OBJROOT=\"${OBJROOT}\" BUILD_ROOT=\"${BUILD_ROOT}\" SYMROOT=\"${SYMROOT}\" $ACTION\n\n# Smash the two static libraries into one fat binary and store it in the .framework\nlipo -create \"${BUILT_PRODUCTS_DIR}/${SF_EXECUTABLE_PATH}\" \"${SF_OTHER_BUILT_PRODUCTS_DIR}/${SF_EXECUTABLE_PATH}\" -output \"${BUILT_PRODUCTS_DIR}/${SF_WRAPPER_NAME}/Versions/A/${SF_TARGET_NAME}\"\n\n# Copy the binary to the other architecture folder to have a complete framework in both.\ncp -a \"${BUILT_PRODUCTS_DIR}/${SF_WRAPPER_NAME}/Versions/A/${SF_TARGET_NAME}\" \"${SF_OTHER_BUILT_PRODUCTS_DIR}/${SF_WRAPPER_NAME}/Versions/A/${SF_TARGET_NAME}\"\n";
		};
		3FD72914156EA47B006DD6A1 /* ShellScript */ = {
			isa = PBXShellScriptBuildPhase;
			buildActionMask = 2147483647;
			files = (
			);
			inputPaths = (
			);
			outputPaths = (
			);
			runOnlyForDeploymentPostprocessing = 0;
			shellPath = /bin/sh;
			shellScript = "# Run the unit tests in this test bundle.\n\"${SYSTEM_DEVELOPER_DIR}/Tools/RunUnitTests\"\n";
		};
		ABF0BCD791734FCDAD52DDD1 /* Copy Pods Resources */ = {
			isa = PBXShellScriptBuildPhase;
			buildActionMask = 2147483647;
			files = (
			);
			inputPaths = (
			);
			name = "Copy Pods Resources";
			outputPaths = (
			);
			runOnlyForDeploymentPostprocessing = 0;
			shellPath = /bin/sh;
			shellScript = "\"${SRCROOT}/Pods/Pods-resources.sh\"\n";
		};
/* End PBXShellScriptBuildPhase section */

/* Begin PBXSourcesBuildPhase section */
		3FD72902156EA47B006DD6A1 /* Sources */ = {
			isa = PBXSourcesBuildPhase;
			buildActionMask = 2147483647;
			files = (
				3FD72910156EA47B006DD6A1 /* LivefyreClient.m in Sources */,
				3FD72940156EA54B006DD6A1 /* ARC4.m in Sources */,
				3FD72942156EA54B006DD6A1 /* Author.m in Sources */,
				3FD72944156EA54B006DD6A1 /* Collection.m in Sources */,
				3FD72946156EA54B006DD6A1 /* Entry.m in Sources */,
				3FD72948156EA54B006DD6A1 /* HttpRequest.m in Sources */,
				3FD7294A156EA54B006DD6A1 /* User.m in Sources */,
			);
			runOnlyForDeploymentPostprocessing = 0;
		};
		3FD72911156EA47B006DD6A1 /* Sources */ = {
			isa = PBXSourcesBuildPhase;
			buildActionMask = 2147483647;
			files = (
				3FF2152A1572FDBF009B5C95 /* Config.m in Sources */,
				3F4439981573D42400B41B22 /* AuthTest.m in Sources */,
				3F44399B1573D4F200B41B22 /* AsyncTestBase.m in Sources */,
				3F4439B6157401C900B41B22 /* CollectionTests.m in Sources */,
				3F4C54C015752A9B00854F2D /* AuthorTests.m in Sources */,
				3F4C54C315752BE600854F2D /* UserTests.m in Sources */,
				3F4C54C6157535BE00854F2D /* ARC4Tests.m in Sources */,
				3F4C54C91575471900854F2D /* FopenBugWorkaround.m in Sources */,
				3FDFEFDA15754BB2009CBB7E /* EntryTests.m in Sources */,
				3F7963D61575AA470096E6EB /* LivefyreClientTests.m in Sources */,
			);
			runOnlyForDeploymentPostprocessing = 0;
		};
/* End PBXSourcesBuildPhase section */

/* Begin PBXTargetDependency section */
		3FC17793157036C00082FFBF /* PBXTargetDependency */ = {
			isa = PBXTargetDependency;
			target = 3FD72905156EA47B006DD6A1 /* LivefyreClient */;
			targetProxy = 3FC17792157036C00082FFBF /* PBXContainerItemProxy */;
		};
		3FD7291D156EA47B006DD6A1 /* PBXTargetDependency */ = {
			isa = PBXTargetDependency;
			target = 3FD72905156EA47B006DD6A1 /* LivefyreClient */;
			targetProxy = 3FD7291C156EA47B006DD6A1 /* PBXContainerItemProxy */;
		};
		3FF63428157040E600C7D952 /* PBXTargetDependency */ = {
			isa = PBXTargetDependency;
			name = Pods;
			targetProxy = 3FF63427157040E600C7D952 /* PBXContainerItemProxy */;
		};
/* End PBXTargetDependency section */

/* Begin PBXVariantGroup section */
		3FD72922156EA47B006DD6A1 /* InfoPlist.strings */ = {
			isa = PBXVariantGroup;
			children = (
				3FD72923156EA47B006DD6A1 /* en */,
			);
			name = InfoPlist.strings;
			sourceTree = "<group>";
		};
/* End PBXVariantGroup section */

/* Begin XCBuildConfiguration section */
		3FC17790157036B30082FFBF /* Debug */ = {
			isa = XCBuildConfiguration;
			buildSettings = {
				PRODUCT_NAME = "$(TARGET_NAME)";
			};
			name = Debug;
		};
		3FC17791157036B30082FFBF /* Release */ = {
			isa = XCBuildConfiguration;
			buildSettings = {
				PRODUCT_NAME = "$(TARGET_NAME)";
			};
			name = Release;
		};
		3FD72928156EA47B006DD6A1 /* Debug */ = {
			isa = XCBuildConfiguration;
			buildSettings = {
				ALWAYS_SEARCH_USER_PATHS = NO;
				ARCHS = "$(ARCHS_STANDARD_32_BIT)";
				CLANG_ENABLE_OBJC_ARC = YES;
				COPY_PHASE_STRIP = NO;
				GCC_C_LANGUAGE_STANDARD = gnu99;
				GCC_DYNAMIC_NO_PIC = NO;
				GCC_OPTIMIZATION_LEVEL = 0;
				GCC_PREPROCESSOR_DEFINITIONS = (
					"DEBUG=1",
					"$(inherited)",
				);
				GCC_SYMBOLS_PRIVATE_EXTERN = NO;
				GCC_VERSION = com.apple.compilers.llvm.clang.1_0;
				GCC_WARN_ABOUT_RETURN_TYPE = YES;
				GCC_WARN_UNINITIALIZED_AUTOS = YES;
				GCC_WARN_UNUSED_VARIABLE = YES;
				IPHONEOS_DEPLOYMENT_TARGET = 5.1;
				SDKROOT = iphoneos;
			};
			name = Debug;
		};
		3FD72929156EA47B006DD6A1 /* Release */ = {
			isa = XCBuildConfiguration;
			buildSettings = {
				ALWAYS_SEARCH_USER_PATHS = NO;
				ARCHS = "$(ARCHS_STANDARD_32_BIT)";
				CLANG_ENABLE_OBJC_ARC = YES;
				COPY_PHASE_STRIP = YES;
				GCC_C_LANGUAGE_STANDARD = gnu99;
				GCC_VERSION = com.apple.compilers.llvm.clang.1_0;
				GCC_WARN_ABOUT_RETURN_TYPE = YES;
				GCC_WARN_UNINITIALIZED_AUTOS = YES;
				GCC_WARN_UNUSED_VARIABLE = YES;
				IPHONEOS_DEPLOYMENT_TARGET = 5.1;
				SDKROOT = iphoneos;
				VALIDATE_PRODUCT = YES;
			};
			name = Release;
		};
		3FD7292B156EA47B006DD6A1 /* Debug */ = {
			isa = XCBuildConfiguration;
			baseConfigurationReference = 3FB0370F6D78411889D31B65 /* Pods.xcconfig */;
			buildSettings = {
				CLANG_WARN_DEPRECATED_OBJC_IMPLEMENTATIONS = YES;
				CLANG_WARN_OBJCPP_ARC_ABI = YES;
				CLANG_WARN_OBJC_IMPLICIT_ATOMIC_PROPERTIES = YES;
				COPY_PHASE_STRIP = NO;
				DEAD_CODE_STRIPPING = NO;
				DSTROOT = /tmp/LivefyreClient.dst;
				GCC_GENERATE_TEST_COVERAGE_FILES = YES;
				GCC_INSTRUMENT_PROGRAM_FLOW_ARCS = YES;
				GCC_PRECOMPILE_PREFIX_HEADER = YES;
				GCC_PREFIX_HEADER = "LivefyreClient/LivefyreClient-Prefix.pch";
				GCC_TREAT_INCOMPATIBLE_POINTER_TYPE_WARNINGS_AS_ERRORS = YES;
				GCC_TREAT_WARNINGS_AS_ERRORS = YES;
				GCC_VERSION = com.apple.compilers.llvm.clang.1_0;
				GCC_WARN_64_TO_32_BIT_CONVERSION = YES;
				GCC_WARN_ABOUT_MISSING_NEWLINE = NO;
				GCC_WARN_SHADOW = YES;
				OTHER_LDFLAGS = "-ObjC";
				PRODUCT_NAME = "$(TARGET_NAME)";
				PUBLIC_HEADERS_FOLDER_PATH = "$(PROJECT_NAME)Headers";
				SKIP_INSTALL = YES;
				STRIP_STYLE = "non-global";
			};
			name = Debug;
		};
		3FD7292C156EA47B006DD6A1 /* Release */ = {
			isa = XCBuildConfiguration;
			baseConfigurationReference = 3FB0370F6D78411889D31B65 /* Pods.xcconfig */;
			buildSettings = {
				CLANG_WARN_DEPRECATED_OBJC_IMPLEMENTATIONS = YES;
				CLANG_WARN_OBJCPP_ARC_ABI = YES;
				CLANG_WARN_OBJC_IMPLICIT_ATOMIC_PROPERTIES = YES;
				COPY_PHASE_STRIP = NO;
				DEAD_CODE_STRIPPING = NO;
				DSTROOT = /tmp/LivefyreClient.dst;
				GCC_GENERATE_TEST_COVERAGE_FILES = NO;
				GCC_PRECOMPILE_PREFIX_HEADER = YES;
				GCC_PREFIX_HEADER = "LivefyreClient/LivefyreClient-Prefix.pch";
				GCC_TREAT_INCOMPATIBLE_POINTER_TYPE_WARNINGS_AS_ERRORS = YES;
				GCC_TREAT_WARNINGS_AS_ERRORS = YES;
				GCC_VERSION = com.apple.compilers.llvm.clang.1_0;
				GCC_WARN_64_TO_32_BIT_CONVERSION = YES;
				GCC_WARN_ABOUT_MISSING_NEWLINE = NO;
				GCC_WARN_SHADOW = YES;
				OTHER_LDFLAGS = "-ObjC";
				PRODUCT_NAME = "$(TARGET_NAME)";
				PUBLIC_HEADERS_FOLDER_PATH = "$(PROJECT_NAME)Headers";
				SKIP_INSTALL = YES;
				STRIP_STYLE = "non-global";
			};
			name = Release;
		};
		3FD7292E156EA47B006DD6A1 /* Debug */ = {
			isa = XCBuildConfiguration;
			baseConfigurationReference = 3FB0370F6D78411889D31B65 /* Pods.xcconfig */;
			buildSettings = {
				DSTROOT = /tmp/xcodeproj.dst;
				FRAMEWORK_SEARCH_PATHS = (
					"$(SDKROOT)/Developer/Library/Frameworks",
					"$(DEVELOPER_LIBRARY_DIR)/Frameworks",
				);
				GCC_GENERATE_TEST_COVERAGE_FILES = YES;
				GCC_INSTRUMENT_PROGRAM_FLOW_ARCS = YES;
				GCC_PRECOMPILE_PREFIX_HEADER = YES;
				GCC_PREFIX_HEADER = "LivefyreClient/LivefyreClient-Prefix.pch";
				GCC_VERSION = com.apple.compilers.llvm.clang.1_0;
				INFOPLIST_FILE = "LivefyreClientTests/LivefyreClientTests-Info.plist";
				PRODUCT_NAME = "$(TARGET_NAME)";
				SKIP_INSTALL = YES;
				WRAPPER_EXTENSION = octest;
			};
			name = Debug;
		};
		3FD7292F156EA47B006DD6A1 /* Release */ = {
			isa = XCBuildConfiguration;
			baseConfigurationReference = 3FB0370F6D78411889D31B65 /* Pods.xcconfig */;
			buildSettings = {
				DSTROOT = /tmp/xcodeproj.dst;
				FRAMEWORK_SEARCH_PATHS = (
					"$(SDKROOT)/Developer/Library/Frameworks",
					"$(DEVELOPER_LIBRARY_DIR)/Frameworks",
				);
				GCC_GENERATE_TEST_COVERAGE_FILES = YES;
				GCC_INSTRUMENT_PROGRAM_FLOW_ARCS = YES;
				GCC_PRECOMPILE_PREFIX_HEADER = YES;
				GCC_PREFIX_HEADER = "LivefyreClient/LivefyreClient-Prefix.pch";
				GCC_VERSION = com.apple.compilers.llvm.clang.1_0;
				INFOPLIST_FILE = "LivefyreClientTests/LivefyreClientTests-Info.plist";
				PRODUCT_NAME = "$(TARGET_NAME)";
				SKIP_INSTALL = YES;
				WRAPPER_EXTENSION = octest;
			};
			name = Release;
		};
/* End XCBuildConfiguration section */

/* Begin XCConfigurationList section */
		3FC1778F157036B30082FFBF /* Build configuration list for PBXAggregateTarget "Universal Framework" */ = {
			isa = XCConfigurationList;
			buildConfigurations = (
				3FC17790157036B30082FFBF /* Debug */,
				3FC17791157036B30082FFBF /* Release */,
			);
			defaultConfigurationIsVisible = 0;
			defaultConfigurationName = Release;
		};
		3FD72900156EA47B006DD6A1 /* Build configuration list for PBXProject "LivefyreClient" */ = {
			isa = XCConfigurationList;
			buildConfigurations = (
				3FD72928156EA47B006DD6A1 /* Debug */,
				3FD72929156EA47B006DD6A1 /* Release */,
			);
			defaultConfigurationIsVisible = 0;
			defaultConfigurationName = Release;
		};
		3FD7292A156EA47B006DD6A1 /* Build configuration list for PBXNativeTarget "LivefyreClient" */ = {
			isa = XCConfigurationList;
			buildConfigurations = (
				3FD7292B156EA47B006DD6A1 /* Debug */,
				3FD7292C156EA47B006DD6A1 /* Release */,
			);
			defaultConfigurationIsVisible = 0;
			defaultConfigurationName = Release;
		};
		3FD7292D156EA47B006DD6A1 /* Build configuration list for PBXNativeTarget "LivefyreClientTests" */ = {
			isa = XCConfigurationList;
			buildConfigurations = (
				3FD7292E156EA47B006DD6A1 /* Debug */,
				3FD7292F156EA47B006DD6A1 /* Release */,
			);
			defaultConfigurationIsVisible = 0;
			defaultConfigurationName = Release;
		};
/* End XCConfigurationList section */
	};
	rootObject = 3FD728FD156EA47B006DD6A1 /* Project object */;
}
